
Microsoft Visual Studio Solution File, Format Version 12.00
# Visual Studio 14
VisualStudioVersion = 14.0.25420.1
MinimumVisualStudioVersion = 10.0.40219.1
Project("{8BC9CEB8-8B4A-11D0-8D11-00A0C91BC942}") = "FCMTest", "FCMTest\FCMTest\FCMTest.vcxproj", "{DEC25FA8-F52C-4FBA-A31E-B0902649091A}"
EndProject
Project("{8BC9CEB8-8B4A-11D0-8D11-00A0C91BC942}") = "GFSM_Manager", "GFSM_Manager\GFSM_Manager\GFSM_Manager.vcxproj", "{28B3FBCD-E4B7-43DD-B45D-6084483473F5}"
EndProject
Project("{8BC9CEB8-8B4A-11D0-8D11-00A0C91BC942}") = "GFSM_MCS", "GFSM_MCS\GFSM_MCS\GFSM_MCS.vcxproj", "{14ADDCD3-28E2-47E4-811A-93E0365766F8}"
EndProject
Project("{8BC9CEB8-8B4A-11D0-8D11-00A0C91BC942}") = "GFSM_SENDER", "GFSM_SENDER\GFSM_SENDER\GFSM_SENDER.vcxproj", "{39A1B0AF-ECCD-4372-AA4D-B1E9AFEA8B3E}"
EndProject
Project("{8BC9CEB8-8B4A-11D0-8D11-00A0C91BC942}") = "GFSM_User", "GFSM_User\GFSM_User\GFSM_User.vcxproj", "{B2028AAE-85B1-44BF-A359-D051A6C1E677}"
EndProject
Project("{8BC9CEB8-8B4A-11D0-8D11-00A0C91BC942}") = "LogRemover", "LogRemover\LogRemover\LogRemover.vcxproj", "{3C6CCE5D-2477-4B88-B134-094E6A9CFC59}"
EndProject
Project("{8BC9CEB8-8B4A-11D0-8D11-00A0C91BC942}") = "WatchDog", "WatchDog\WatchDog\WatchDog.vcxproj", "{678360B7-5AF2-45BF-882B-A061A31A89AB}"
EndProject
Global
	GlobalSection(SolutionConfigurationPlatforms) = preSolution
		Debug_ENG|x64 = Debug_ENG|x64
		Debug_ENG|x86 = Debug_ENG|x86
		Debug|x64 = Debug|x64
		Debug|x86 = Debug|x86
		Release_ENG|x64 = Release_ENG|x64
		Release_ENG|x86 = Release_ENG|x86
		Release|x64 = Release|x64
		Release|x86 = Release|x86
	EndGlobalSection
	GlobalSection(ProjectConfigurationPlatforms) = postSolution
		{DEC25FA8-F52C-4FBA-A31E-B0902649091A}.Debug_ENG|x64.ActiveCfg = Debug_ENG|Win32
		{DEC25FA8-F52C-4FBA-A31E-B0902649091A}.Debug_ENG|x64.Build.0 = Debug_ENG|Win32
		{DEC25FA8-F52C-4FBA-A31E-B0902649091A}.Debug_ENG|x86.ActiveCfg = Debug_ENG|Win32
		{DEC25FA8-F52C-4FBA-A31E-B0902649091A}.Debug_ENG|x86.Build.0 = Debug_ENG|Win32
		{DEC25FA8-F52C-4FBA-A31E-B0902649091A}.Debug|x64.ActiveCfg = Debug|Win32
		{DEC25FA8-F52C-4FBA-A31E-B0902649091A}.Debug|x64.Build.0 = Debug|Win32
		{DEC25FA8-F52C-4FBA-A31E-B0902649091A}.Debug|x86.ActiveCfg = Debug|Win32
		{DEC25FA8-F52C-4FBA-A31E-B0902649091A}.Debug|x86.Build.0 = Debug|Win32
		{DEC25FA8-F52C-4FBA-A31E-B0902649091A}.Release_ENG|x64.ActiveCfg = Release_ENG|Win32
		{DEC25FA8-F52C-4FBA-A31E-B0902649091A}.Release_ENG|x64.Build.0 = Release_ENG|Win32
		{DEC25FA8-F52C-4FBA-A31E-B0902649091A}.Release_ENG|x86.ActiveCfg = Release_ENG|Win32
		{DEC25FA8-F52C-4FBA-A31E-B0902649091A}.Release_ENG|x86.Build.0 = Release_ENG|Win32
		{DEC25FA8-F52C-4FBA-A31E-B0902649091A}.Release|x64.ActiveCfg = Release|Win32
		{DEC25FA8-F52C-4FBA-A31E-B0902649091A}.Release|x64.Build.0 = Release|Win32
		{DEC25FA8-F52C-4FBA-A31E-B0902649091A}.Release|x86.ActiveCfg = Release|Win32
		{DEC25FA8-F52C-4FBA-A31E-B0902649091A}.Release|x86.Build.0 = Release|Win32
		{28B3FBCD-E4B7-43DD-B45D-6084483473F5}.Debug_ENG|x64.ActiveCfg = Debug_ENG|Win32
		{28B3FBCD-E4B7-43DD-B45D-6084483473F5}.Debug_ENG|x64.Build.0 = Debug_ENG|Win32
		{28B3FBCD-E4B7-43DD-B45D-6084483473F5}.Debug_ENG|x86.ActiveCfg = Debug_ENG|Win32
		{28B3FBCD-E4B7-43DD-B45D-6084483473F5}.Debug_ENG|x86.Build.0 = Debug_ENG|Win32
		{28B3FBCD-E4B7-43DD-B45D-6084483473F5}.Debug|x64.ActiveCfg = Debug|Win32
		{28B3FBCD-E4B7-43DD-B45D-6084483473F5}.Debug|x64.Build.0 = Debug|Win32
		{28B3FBCD-E4B7-43DD-B45D-6084483473F5}.Debug|x86.ActiveCfg = Debug|Win32
		{28B3FBCD-E4B7-43DD-B45D-6084483473F5}.Debug|x86.Build.0 = Debug|Win32
		{28B3FBCD-E4B7-43DD-B45D-6084483473F5}.Release_ENG|x64.ActiveCfg = Release_ENG|Win32
		{28B3FBCD-E4B7-43DD-B45D-6084483473F5}.Release_ENG|x64.Build.0 = Release_ENG|Win32
		{28B3FBCD-E4B7-43DD-B45D-6084483473F5}.Release_ENG|x86.ActiveCfg = Release_ENG|Win32
		{28B3FBCD-E4B7-43DD-B45D-6084483473F5}.Release_ENG|x86.Build.0 = Release_ENG|Win32
		{28B3FBCD-E4B7-43DD-B45D-6084483473F5}.Release|x64.ActiveCfg = Release|Win32
		{28B3FBCD-E4B7-43DD-B45D-6084483473F5}.Release|x64.Build.0 = Release|Win32
		{28B3FBCD-E4B7-43DD-B45D-6084483473F5}.Release|x86.ActiveCfg = Release|Win32
		{28B3FBCD-E4B7-43DD-B45D-6084483473F5}.Release|x86.Build.0 = Release|Win32
		{14ADDCD3-28E2-47E4-811A-93E0365766F8}.Debug_ENG|x64.ActiveCfg = Debug_ENG|x64
		{14ADDCD3-28E2-47E4-811A-93E0365766F8}.Debug_ENG|x64.Build.0 = Debug_ENG|x64
		{14ADDCD3-28E2-47E4-811A-93E0365766F8}.Debug_ENG|x86.ActiveCfg = Debug_ENG|Win32
		{14ADDCD3-28E2-47E4-811A-93E0365766F8}.Debug_ENG|x86.Build.0 = Debug_ENG|Win32
		{14ADDCD3-28E2-47E4-811A-93E0365766F8}.Debug|x64.ActiveCfg = Debug|x64
		{14ADDCD3-28E2-47E4-811A-93E0365766F8}.Debug|x64.Build.0 = Debug|x64
		{14ADDCD3-28E2-47E4-811A-93E0365766F8}.Debug|x86.ActiveCfg = Debug|Win32
		{14ADDCD3-28E2-47E4-811A-93E0365766F8}.Debug|x86.Build.0 = Debug|Win32
		{14ADDCD3-28E2-47E4-811A-93E0365766F8}.Release_ENG|x64.ActiveCfg = Release_ENG|x64
		{14ADDCD3-28E2-47E4-811A-93E0365766F8}.Release_ENG|x64.Build.0 = Release_ENG|x64
		{14ADDCD3-28E2-47E4-811A-93E0365766F8}.Release_ENG|x86.ActiveCfg = Release_ENG|Win32
		{14ADDCD3-28E2-47E4-811A-93E0365766F8}.Release_ENG|x86.Build.0 = Release_ENG|Win32
		{14ADDCD3-28E2-47E4-811A-93E0365766F8}.Release|x64.ActiveCfg = Release|x64
		{14ADDCD3-28E2-47E4-811A-93E0365766F8}.Release|x64.Build.0 = Release|x64
		{14ADDCD3-28E2-47E4-811A-93E0365766F8}.Release|x86.ActiveCfg = Release|Win32
		{14ADDCD3-28E2-47E4-811A-93E0365766F8}.Release|x86.Build.0 = Release|Win32
		{39A1B0AF-ECCD-4372-AA4D-B1E9AFEA8B3E}.Debug_ENG|x64.ActiveCfg = Debug_ENG|x64
		{39A1B0AF-ECCD-4372-AA4D-B1E9AFEA8B3E}.Debug_ENG|x64.Build.0 = Debug_ENG|x64
		{39A1B0AF-ECCD-4372-AA4D-B1E9AFEA8B3E}.Debug_ENG|x86.ActiveCfg = Debug_ENG|Win32
		{39A1B0AF-ECCD-4372-AA4D-B1E9AFEA8B3E}.Debug_ENG|x86.Build.0 = Debug_ENG|Win32
		{39A1B0AF-ECCD-4372-AA4D-B1E9AFEA8B3E}.Debug|x64.ActiveCfg = Debug|x64
		{39A1B0AF-ECCD-4372-AA4D-B1E9AFEA8B3E}.Debug|x64.Build.0 = Debug|x64
		{39A1B0AF-ECCD-4372-AA4D-B1E9AFEA8B3E}.Debug|x86.ActiveCfg = Debug|Win32
		{39A1B0AF-ECCD-4372-AA4D-B1E9AFEA8B3E}.Debug|x86.Build.0 = Debug|Win32
		{39A1B0AF-ECCD-4372-AA4D-B1E9AFEA8B3E}.Release_ENG|x64.ActiveCfg = Release_ENG|x64
		{39A1B0AF-ECCD-4372-AA4D-B1E9AFEA8B3E}.Release_ENG|x64.Build.0 = Release_ENG|x64
		{39A1B0AF-ECCD-4372-AA4D-B1E9AFEA8B3E}.Release_ENG|x86.ActiveCfg = Release_ENG|Win32
		{39A1B0AF-ECCD-4372-AA4D-B1E9AFEA8B3E}.Release_ENG|x86.Build.0 = Release_ENG|Win32
		{39A1B0AF-ECCD-4372-AA4D-B1E9AFEA8B3E}.Release|x64.ActiveCfg = Release|x64
		{39A1B0AF-ECCD-4372-AA4D-B1E9AFEA8B3E}.Release|x64.Build.0 = Release|x64
		{39A1B0AF-ECCD-4372-AA4D-B1E9AFEA8B3E}.Release|x86.ActiveCfg = Release|Win32
		{39A1B0AF-ECCD-4372-AA4D-B1E9AFEA8B3E}.Release|x86.Build.0 = Release|Win32
		{B2028AAE-85B1-44BF-A359-D051A6C1E677}.Debug_ENG|x64.ActiveCfg = Debug_ENG|Win32
		{B2028AAE-85B1-44BF-A359-D051A6C1E677}.Debug_ENG|x64.Build.0 = Debug_ENG|Win32
		{B2028AAE-85B1-44BF-A359-D051A6C1E677}.Debug_ENG|x86.ActiveCfg = Debug_ENG|Win32
		{B2028AAE-85B1-44BF-A359-D051A6C1E677}.Debug_ENG|x86.Build.0 = Debug_ENG|Win32
		{B2028AAE-85B1-44BF-A359-D051A6C1E677}.Debug|x64.ActiveCfg = Debug|Win32
		{B2028AAE-85B1-44BF-A359-D051A6C1E677}.Debug|x64.Build.0 = Debug|Win32
		{B2028AAE-85B1-44BF-A359-D051A6C1E677}.Debug|x86.ActiveCfg = Debug|Win32
		{B2028AAE-85B1-44BF-A359-D051A6C1E677}.Debug|x86.Build.0 = Debug|Win32
		{B2028AAE-85B1-44BF-A359-D051A6C1E677}.Release_ENG|x64.ActiveCfg = Release_ENG|Win32
		{B2028AAE-85B1-44BF-A359-D051A6C1E677}.Release_ENG|x64.Build.0 = Release_ENG|Win32
		{B2028AAE-85B1-44BF-A359-D051A6C1E677}.Release_ENG|x86.ActiveCfg = Release_ENG|Win32
		{B2028AAE-85B1-44BF-A359-D051A6C1E677}.Release_ENG|x86.Build.0 = Release_ENG|Win32
		{B2028AAE-85B1-44BF-A359-D051A6C1E677}.Release|x64.ActiveCfg = Release|Win32
		{B2028AAE-85B1-44BF-A359-D051A6C1E677}.Release|x64.Build.0 = Release|Win32
		{B2028AAE-85B1-44BF-A359-D051A6C1E677}.Release|x86.ActiveCfg = Release|Win32
		{B2028AAE-85B1-44BF-A359-D051A6C1E677}.Release|x86.Build.0 = Release|Win32
		{3C6CCE5D-2477-4B88-B134-094E6A9CFC59}.Debug_ENG|x64.ActiveCfg = Debug_ENG|Win32
		{3C6CCE5D-2477-4B88-B134-094E6A9CFC59}.Debug_ENG|x64.Build.0 = Debug_ENG|Win32
		{3C6CCE5D-2477-4B88-B134-094E6A9CFC59}.Debug_ENG|x86.ActiveCfg = Debug_ENG|Win32
		{3C6CCE5D-2477-4B88-B134-094E6A9CFC59}.Debug_ENG|x86.Build.0 = Debug_ENG|Win32
		{3C6CCE5D-2477-4B88-B134-094E6A9CFC59}.Debug|x64.ActiveCfg = Debug|Win32
		{3C6CCE5D-2477-4B88-B134-094E6A9CFC59}.Debug|x64.Build.0 = Debug|Win32
		{3C6CCE5D-2477-4B88-B134-094E6A9CFC59}.Debug|x86.ActiveCfg = Debug|Win32
		{3C6CCE5D-2477-4B88-B134-094E6A9CFC59}.Debug|x86.Build.0 = Debug|Win32
		{3C6CCE5D-2477-4B88-B134-094E6A9CFC59}.Release_ENG|x64.ActiveCfg = Release_ENG|Win32
		{3C6CCE5D-2477-4B88-B134-094E6A9CFC59}.Release_ENG|x64.Build.0 = Release_ENG|Win32
		{3C6CCE5D-2477-4B88-B134-094E6A9CFC59}.Release_ENG|x86.ActiveCfg = Release_ENG|Win32
		{3C6CCE5D-2477-4B88-B134-094E6A9CFC59}.Release_ENG|x86.Build.0 = Release_ENG|Win32
		{3C6CCE5D-2477-4B88-B134-094E6A9CFC59}.Release|x64.ActiveCfg = Release|Win32
		{3C6CCE5D-2477-4B88-B134-094E6A9CFC59}.Release|x64.Build.0 = Release|Win32
		{3C6CCE5D-2477-4B88-B134-094E6A9CFC59}.Release|x86.ActiveCfg = Release|Win32
		{3C6CCE5D-2477-4B88-B134-094E6A9CFC59}.Release|x86.Build.0 = Release|Win32
		{678360B7-5AF2-45BF-882B-A061A31A89AB}.Debug_ENG|x64.ActiveCfg = Debug_ENG|Win32
		{678360B7-5AF2-45BF-882B-A061A31A89AB}.Debug_ENG|x64.Build.0 = Debug_ENG|Win32
		{678360B7-5AF2-45BF-882B-A061A31A89AB}.Debug_ENG|x86.ActiveCfg = Debug_ENG|Win32
		{678360B7-5AF2-45BF-882B-A061A31A89AB}.Debug_ENG|x86.Build.0 = Debug_ENG|Win32
		{678360B7-5AF2-45BF-882B-A061A31A89AB}.Debug|x64.ActiveCfg = Debug|Win32
		{678360B7-5AF2-45BF-882B-A061A31A89AB}.Debug|x64.Build.0 = Debug|Win32
		{678360B7-5AF2-45BF-882B-A061A31A89AB}.Debug|x86.ActiveCfg = Debug|Win32
		{678360B7-5AF2-45BF-882B-A061A31A89AB}.Debug|x86.Build.0 = Debug|Win32
		{678360B7-5AF2-45BF-882B-A061A31A89AB}.Release_ENG|x64.ActiveCfg = Release_ENG|Win32
		{678360B7-5AF2-45BF-882B-A061A31A89AB}.Release_ENG|x64.Build.0 = Release_ENG|Win32
		{678360B7-5AF2-45BF-882B-A061A31A89AB}.Release_ENG|x86.ActiveCfg = Release_ENG|Win32
		{678360B7-5AF2-45BF-882B-A061A31A89AB}.Release_ENG|x86.Build.0 = Release_ENG|Win32
		{678360B7-5AF2-45BF-882B-A061A31A89AB}.Release|x64.ActiveCfg = Release|Win32
		{678360B7-5AF2-45BF-882B-A061A31A89AB}.Release|x64.Build.0 = Release|Win32
		{678360B7-5AF2-45BF-882B-A061A31A89AB}.Release|x86.ActiveCfg = Release|Win32
		{678360B7-5AF2-45BF-882B-A061A31A89AB}.Release|x86.Build.0 = Release|Win32
	EndGlobalSection
	GlobalSection(SolutionProperties) = preSolution
		HideSolutionNode = FALSE
	EndGlobalSection
EndGlobal
